{
  "lockfileVersion": 1,
  "configVersion": 1,
  "workspaces": {
    "": {
      "name": "thx-test",
      "dependencies": {
        "htmx.org": "^4.0.0",
      },
    },
  },
  "packages": {
    "htmx.org": ["htmx.org@4.0.0", "", { "bin": { "upgrade-check": "dist/scripts/upgrade-check.js" } }, "sha512-T/171FUY93Kdfp8t+DnHdk45QvKRiBhVhhrwSzrXgUi4pHKvhp77dUA/qg8FAjsFWPIHNbmUuIdCrcVHuiZWng=="],
  }
}
