{
  "name": "thx-test",
  "version": "0.0.0",
  "lockfileVersion": 3,
  "requires": true,
  "packages": {
    "": {
      "name": "thx-test",
      "version": "0.0.0",
      "dependencies": {
        "htmx.org": "^4.0.0-beta5"
      }
    },
    "node_modules/htmx.org": {
      "version": "4.0.0-beta5",
      "resolved": "https://registry.npmjs.org/htmx.org/-/htmx.org-4.0.0-beta5.tgz",
      "integrity": "sha512-hIgrmD9GgLj0FRUZC5G9ZyUeGDca0Lk/QTqWQUmBsfbXxee3a3cTPmmkFzzVEEmtt7KZPGFJpRVJTH9FzP3pxQ==",
      "license": "BSD-0-Clause",
      "workspaces": [
        "ext/*"
      ],
      "bin": {
        "upgrade-check": "dist/scripts/upgrade-check.js"
      }
    }
  }
}
